
Microsoft Visual Studio Solution File, Format Version 12.00
# Visual Studio Version 16
VisualStudioVersion = 16.0.32002.261
MinimumVisualStudioVersion = 10.0.40219.1
Project("{FAE04EC0-301F-11D3-BF4B-00C04F79EFBC}") = "Shopping", "Shopping\Shopping.csproj", "{B10162E4-10F2-45BE-BAB4-A5BD24169F9B}"
EndProject
Global
	GlobalSection(SolutionConfigurationPlatforms) = preSolution
		Debug|Any CPU = Debug|Any CPU
		Release|Any CPU = Release|Any CPU
	EndGlobalSection
	GlobalSection(ProjectConfigurationPlatforms) = postSolution
		{B10162E4-10F2-45BE-BAB4-A5BD24169F9B}.Debug|Any CPU.ActiveCfg = Debug|Any CPU
		{B10162E4-10F2-45BE-BAB4-A5BD24169F9B}.Debug|Any CPU.Build.0 = Debug|Any CPU
		{B10162E4-10F2-45BE-BAB4-A5BD24169F9B}.Release|Any CPU.ActiveCfg = Release|Any CPU
		{B10162E4-10F2-45BE-BAB4-A5BD24169F9B}.Release|Any CPU.Build.0 = Release|Any CPU
	EndGlobalSection
	GlobalSection(SolutionProperties) = preSolution
		HideSolutionNode = FALSE
	EndGlobalSection
	GlobalSection(ExtensibilityGlobals) = postSolution
		SolutionGuid = {8A3CB9EC-72B9-4CB9-820C-E41220373256}
	EndGlobalSection
EndGlobal
